{
  "name": "campus-event-management-system",
  "version": "0.1.0",
  "lockfileVersion": 3,
  "requires": true,
  "packages": {
    "": {
      "name": "campus-event-management-system",
      "version": "0.1.0",
      "workspaces": [
        "frontend",
        "services/user-service",
        "services/event-service",
        "services/booking-service",
        "azure-function"
      ],
      "engines": {
        "node": ">=20"
      }
    }
  }
}
